{
  "name": "node",
  "version": "1.0.0",
  "lockfileVersion": 2,
  "requires": true,
  "packages": {
    "": {
      "name": "node",
      "version": "1.0.0",
      "license": "ISC",
      "dependencies": {
        "@prisma/client": "^3.10.0"
      },
      "devDependencies": {
        "prisma": "^3.10.0"
      }
    },
    "node_modules/@prisma/client": {
      "version": "3.10.0",
      "resolved": "https://registry.npmjs.org/@prisma/client/-/client-3.10.0.tgz",
      "integrity": "sha512-6P4sV7WFuODSfSoSEzCH1qfmWMrCUBk1LIIuTbQf6m1LI/IOpLN4lnqGDmgiBGprEzuWobnGLfe9YsXLn0inrg==",
      "hasInstallScript": true,
      "dependencies": {
        "@prisma/engines-version": "3.10.0-50.73e60b76d394f8d37d8ebd1f8918c79029f0db86"
      },
      "engines": {
        "node": ">=12.6"
      },
      "peerDependencies": {
        "prisma": "*"
      },
      "peerDependenciesMeta": {
        "prisma": {
          "optional": true
        }
      }
    },
    "node_modules/@prisma/engines": {
      "version": "3.10.0-50.73e60b76d394f8d37d8ebd1f8918c79029f0db86",
      "resolved": "https://registry.npmjs.org/@prisma/engines/-/engines-3.10.0-50.73e60b76d394f8d37d8ebd1f8918c79029f0db86.tgz",
      "integrity": "sha512-LjRssaWu9w2SrXitofnutRIyURI7l0veQYIALz7uY4shygM9nMcK3omXcObRm7TAcw3Z+9ytfK1B+ySOsOesxQ==",
      "devOptional": true,
      "hasInstallScript": true
    },
    "node_modules/@prisma/engines-version": {
      "version": "3.10.0-50.73e60b76d394f8d37d8ebd1f8918c79029f0db86",
      "resolved": "https://registry.npmjs.org/@prisma/engines-version/-/engines-version-3.10.0-50.73e60b76d394f8d37d8ebd1f8918c79029f0db86.tgz",
      "integrity": "sha512-cVYs5gyQH/qyut24hUvDznCfPrWiNMKNfPb9WmEoiU6ihlkscIbCfkmuKTtspVLWRdl0LqjYEC7vfnPv17HWhw=="
    },
    "node_modules/prisma": {
      "version": "3.10.0",
      "resolved": "https://registry.npmjs.org/prisma/-/prisma-3.10.0.tgz",
      "integrity": "sha512-dAld12vtwdz9Rz01nOjmnXe+vHana5PSog8t0XGgLemKsUVsaupYpr74AHaS3s78SaTS5s2HOghnJF+jn91ZrA==",
      "devOptional": true,
      "hasInstallScript": true,
      "dependencies": {
        "@prisma/engines": "3.10.0-50.73e60b76d394f8d37d8ebd1f8918c79029f0db86"
      },
      "bin": {
        "prisma": "build/index.js",
        "prisma2": "build/index.js"
      },
      "engines": {
        "node": ">=12.6"
      }
    }
  },
  "dependencies": {
    "@prisma/client": {
      "version": "3.10.0",
      "resolved": "https://registry.npmjs.org/@prisma/client/-/client-3.10.0.tgz",
      "integrity": "sha512-6P4sV7WFuODSfSoSEzCH1qfmWMrCUBk1LIIuTbQf6m1LI/IOpLN4lnqGDmgiBGprEzuWobnGLfe9YsXLn0inrg==",
      "requires": {
        "@prisma/engines-version": "3.10.0-50.73e60b76d394f8d37d8ebd1f8918c79029f0db86"
      }
    },
    "@prisma/engines": {
      "version": "3.10.0-50.73e60b76d394f8d37d8ebd1f8918c79029f0db86",
      "resolved": "https://registry.npmjs.org/@prisma/engines/-/engines-3.10.0-50.73e60b76d394f8d37d8ebd1f8918c79029f0db86.tgz",
      "integrity": "sha512-LjRssaWu9w2SrXitofnutRIyURI7l0veQYIALz7uY4shygM9nMcK3omXcObRm7TAcw3Z+9ytfK1B+ySOsOesxQ==",
      "devOptional": true
    },
    "@prisma/engines-version": {
      "version": "3.10.0-50.73e60b76d394f8d37d8ebd1f8918c79029f0db86",
      "resolved": "https://registry.npmjs.org/@prisma/engines-version/-/engines-version-3.10.0-50.73e60b76d394f8d37d8ebd1f8918c79029f0db86.tgz",
      "integrity": "sha512-cVYs5gyQH/qyut24hUvDznCfPrWiNMKNfPb9WmEoiU6ihlkscIbCfkmuKTtspVLWRdl0LqjYEC7vfnPv17HWhw=="
    },
    "prisma": {
      "version": "3.10.0",
      "resolved": "https://registry.npmjs.org/prisma/-/prisma-3.10.0.tgz",
      "integrity": "sha512-dAld12vtwdz9Rz01nOjmnXe+vHana5PSog8t0XGgLemKsUVsaupYpr74AHaS3s78SaTS5s2HOghnJF+jn91ZrA==",
      "devOptional": true,
      "requires": {
        "@prisma/engines": "3.10.0-50.73e60b76d394f8d37d8ebd1f8918c79029f0db86"
      }
    }
  }
}
